
Microsoft Visual Studio Solution File, Format Version 12.00
# Visual Studio Version 16
VisualStudioVersion = 25.0.1700.7
MinimumVisualStudioVersion = 10.0.40219.1
Project("{FAE04EC0-301F-11D3-BF4B-00C04F79EFBC}") = "LogAnalysis", "LogAnalysis.csproj", "{122DFAE6-BF01-42CC-916C-865DB5FFB114}"
EndProject
Global
	GlobalSection(SolutionConfigurationPlatforms) = preSolution
		Debug|Any CPU = Debug|Any CPU
		Release|Any CPU = Release|Any CPU
	EndGlobalSection
	GlobalSection(ProjectConfigurationPlatforms) = postSolution
		{122DFAE6-BF01-42CC-916C-865DB5FFB114}.Debug|Any CPU.ActiveCfg = Debug|Any CPU
		{122DFAE6-BF01-42CC-916C-865DB5FFB114}.Debug|Any CPU.Build.0 = Debug|Any CPU
		{122DFAE6-BF01-42CC-916C-865DB5FFB114}.Release|Any CPU.ActiveCfg = Release|Any CPU
		{122DFAE6-BF01-42CC-916C-865DB5FFB114}.Release|Any CPU.Build.0 = Release|Any CPU
	EndGlobalSection
	GlobalSection(SolutionProperties) = preSolution
		HideSolutionNode = FALSE
	EndGlobalSection
	GlobalSection(ExtensibilityGlobals) = postSolution
		SolutionGuid = {E38AC7F6-D5DA-4DBF-85DF-E1B6324A8148}
	EndGlobalSection
EndGlobal
